
Microsoft Visual Studio Solution File, Format Version 12.00
# Visual Studio Version 17
VisualStudioVersion = 17.11.35222.181
MinimumVisualStudioVersion = 10.0.40219.1
Project("{FAE04EC0-301F-11D3-BF4B-00C04F79EFBC}") = "Week15OOP", "Week15OOP\Week15OOP.csproj", "{B1BC85FC-E6D1-4572-B9F7-BF34C45D7567}"
EndProject
Global
	GlobalSection(SolutionConfigurationPlatforms) = preSolution
		Debug|Any CPU = Debug|Any CPU
		Release|Any CPU = Release|Any CPU
	EndGlobalSection
	GlobalSection(ProjectConfigurationPlatforms) = postSolution
		{B1BC85FC-E6D1-4572-B9F7-BF34C45D7567}.Debug|Any CPU.ActiveCfg = Debug|Any CPU
		{B1BC85FC-E6D1-4572-B9F7-BF34C45D7567}.Debug|Any CPU.Build.0 = Debug|Any CPU
		{B1BC85FC-E6D1-4572-B9F7-BF34C45D7567}.Release|Any CPU.ActiveCfg = Release|Any CPU
		{B1BC85FC-E6D1-4572-B9F7-BF34C45D7567}.Release|Any CPU.Build.0 = Release|Any CPU
	EndGlobalSection
	GlobalSection(SolutionProperties) = preSolution
		HideSolutionNode = FALSE
	EndGlobalSection
	GlobalSection(ExtensibilityGlobals) = postSolution
		SolutionGuid = {41B0E320-9E48-445D-8801-4A1D65D2D8A5}
	EndGlobalSection
EndGlobal
